
Microsoft Visual Studio Solution File, Format Version 11.00
# Visual Studio 2010
Project("{FAE04EC0-301F-11D3-BF4B-00C04F79EFBC}") = "Assembly-CSharp", "Assembly-CSharp.csproj", "{a3c21ce5-9c73-033d-9343-c338a0a1ff49}"
EndProject
Project("{FAE04EC0-301F-11D3-BF4B-00C04F79EFBC}") = "Assembly-CSharp-Editor", "Assembly-CSharp-Editor.csproj", "{7aa1072c-cd8b-0074-228b-e052173dc0b1}"
EndProject
Global
	GlobalSection(SolutionConfigurationPlatforms) = preSolution
		Debug|Any CPU = Debug|Any CPU
	EndGlobalSection
	GlobalSection(ProjectConfigurationPlatforms) = postSolution
		{a3c21ce5-9c73-033d-9343-c338a0a1ff49}.Debug|Any CPU.ActiveCfg = Debug|Any CPU
		{a3c21ce5-9c73-033d-9343-c338a0a1ff49}.Debug|Any CPU.Build.0 = Debug|Any CPU
		{7aa1072c-cd8b-0074-228b-e052173dc0b1}.Debug|Any CPU.ActiveCfg = Debug|Any CPU
		{7aa1072c-cd8b-0074-228b-e052173dc0b1}.Debug|Any CPU.Build.0 = Debug|Any CPU
	EndGlobalSection
	GlobalSection(SolutionProperties) = preSolution
		HideSolutionNode = FALSE
	EndGlobalSection
EndGlobal
